# This file is automatically @generated by Cargo.
# It is not intended for manual editing.
version = 4

[[package]]
name = "polyrust-backend-go"
version = "0.1.0"
dependencies = [
 "polyrust-check",
 "polyrust-codegen",
 "polyrust-ir",
]

[[package]]
name = "polyrust-backend-python"
version = "0.1.0"
dependencies = [
 "polyrust-check",
 "polyrust-codegen",
 "polyrust-ir",
]

[[package]]
name = "polyrust-backend-rust"
version = "0.1.0"
dependencies = [
 "polyrust-check",
 "polyrust-codegen",
 "polyrust-ir",
]

[[package]]
name = "polyrust-backend-typescript"
version = "0.1.0"
dependencies = [
 "polyrust-check",
 "polyrust-codegen",
 "polyrust-ir",
]

[[package]]
name = "polyrust-build"
version = "0.1.0"
dependencies = [
 "polyrust-check",
 "polyrust-ir",
]

[[package]]
name = "polyrust-check"
version = "0.1.0"
dependencies = [
 "polyrust-ir",
]

[[package]]
name = "polyrust-cli"
version = "0.1.0"
dependencies = [
 "polyrust-backend-go",
 "polyrust-backend-python",
 "polyrust-backend-rust",
 "polyrust-backend-typescript",
 "polyrust-build",
 "polyrust-codegen",
 "polyrust-conformance",
]

[[package]]
name = "polyrust-codegen"
version = "0.1.0"
dependencies = [
 "polyrust-check",
]

[[package]]
name = "polyrust-conformance"
version = "0.1.0"
dependencies = [
 "polyrust-backend-go",
 "polyrust-backend-python",
 "polyrust-backend-rust",
 "polyrust-backend-typescript",
 "polyrust-codegen",
 "polyrust-eval",
]

[[package]]
name = "polyrust-diagnostics"
version = "0.1.0"

[[package]]
name = "polyrust-eval"
version = "0.1.0"
dependencies = [
 "polyrust-check",
 "polyrust-ir",
]

[[package]]
name = "polyrust-ir"
version = "0.1.0"

[[package]]
name = "polyrust-registration-example"
version = "0.1.0"
dependencies = [
 "polyrust-backend-go",
 "polyrust-backend-rust",
 "polyrust-build",
 "polyrust-check",
 "polyrust-codegen",
]
